// !$*UTF8*$!
{
	archiveVersion = 1;
	classes = {
	};
	objectVersion = 77;
	objects = {

/* Begin PBXBuildFile section */
		C845422C2D0B5B6800D21376 /* User.swift in Sources */ = {isa = PBXBuildFile; fileRef = C845422B2D0B5B6500D21376 /* User.swift */; };
		C845422F2D0B5BED00D21376 /* RegistrationView.swift in Sources */ = {isa = PBXBuildFile; fileRef = C845422E2D0B5BEC00D21376 /* RegistrationView.swift */; };
		C84542312D0B5D4200D21376 /* UserManager.swift in Sources */ = {isa = PBXBuildFile; fileRef = C84542302D0B5D4100D21376 /* UserManager.swift */; };
		C8529EAE2D0A365A00342A0A /* ImagePicker.swift in Sources */ = {isa = PBXBuildFile; fileRef = C8529EAD2D0A365900342A0A /* ImagePicker.swift */; };
		C85ECE432CF0F632000F0533 /* Assets.xcassets in Resources */ = {isa = PBXBuildFile; fileRef = C85ECE3F2CF0F632000F0533 /* Assets.xcassets */; };
		C85ECE442CF0F632000F0533 /* Preview Assets.xcassets in Resources */ = {isa = PBXBuildFile; fileRef = C85ECE3D2CF0F632000F0533 /* Preview Assets.xcassets */; };
		C85ECE452CF0F632000F0533 /* SearchBar.swift in Sources */ = {isa = PBXBuildFile; fileRef = C85ECE382CF0F632000F0533 /* SearchBar.swift */; };
		C85ECE462CF0F632000F0533 /* BottomNavigationBar.swift in Sources */ = {isa = PBXBuildFile; fileRef = C85ECE362CF0F632000F0533 /* BottomNavigationBar.swift */; };
		C85ECE472CF0F632000F0533 /* TravelPlaceApp.swift in Sources */ = {isa = PBXBuildFile; fileRef = C85ECE412CF0F632000F0533 /* TravelPlaceApp.swift */; };
		C85ECE482CF0F632000F0533 /* Destination.swift in Sources */ = {isa = PBXBuildFile; fileRef = C85ECE3A2CF0F632000F0533 /* Destination.swift */; };
		C85ECE4A2CF0F632000F0533 /* ContentView.swift in Sources */ = {isa = PBXBuildFile; fileRef = C85ECE402CF0F632000F0533 /* ContentView.swift */; };
		C85ECE4B2CF0F632000F0533 /* DestinationCard.swift in Sources */ = {isa = PBXBuildFile; fileRef = C85ECE372CF0F632000F0533 /* DestinationCard.swift */; };
		C85ECE4E2CF0F66A000F0533 /* ExploreView.swift in Sources */ = {isa = PBXBuildFile; fileRef = C85ECE4D2CF0F668000F0533 /* ExploreView.swift */; };
		C85ECE502CF0F67E000F0533 /* CategoryFilterView.swift in Sources */ = {isa = PBXBuildFile; fileRef = C85ECE4F2CF0F67C000F0533 /* CategoryFilterView.swift */; };
		C85ECE522CF0F69D000F0533 /* PlaceCard.swift in Sources */ = {isa = PBXBuildFile; fileRef = C85ECE512CF0F69C000F0533 /* PlaceCard.swift */; };
		C85ECE542CF0F6D2000F0533 /* ActionButton.swift in Sources */ = {isa = PBXBuildFile; fileRef = C85ECE532CF0F6D1000F0533 /* ActionButton.swift */; };
		C8776B342D0213CF0091BB75 /* MainTabView.swift in Sources */ = {isa = PBXBuildFile; fileRef = C8776B332D0213CD0091BB75 /* MainTabView.swift */; };
		C8776B382D02144B0091BB75 /* BlogView.swift in Sources */ = {isa = PBXBuildFile; fileRef = C8776B372D02144A0091BB75 /* BlogView.swift */; };
		C8776B3A2D0214760091BB75 /* FavoritesView.swift in Sources */ = {isa = PBXBuildFile; fileRef = C8776B392D0214750091BB75 /* FavoritesView.swift */; };
		C8776B3C2D02147F0091BB75 /* ProfileView.swift in Sources */ = {isa = PBXBuildFile; fileRef = C8776B3B2D02147E0091BB75 /* ProfileView.swift */; };
		C8776B3E2D0216790091BB75 /* FeaturedPostCard.swift in Sources */ = {isa = PBXBuildFile; fileRef = C8776B3D2D0216780091BB75 /* FeaturedPostCard.swift */; };
		C8776B402D02187D0091BB75 /* Post.swift in Sources */ = {isa = PBXBuildFile; fileRef = C8776B3F2D02187C0091BB75 /* Post.swift */; };
		C8776B422D02188C0091BB75 /* Comment.swift in Sources */ = {isa = PBXBuildFile; fileRef = C8776B412D02188C0091BB75 /* Comment.swift */; };
		C8776B442D0218EE0091BB75 /* UserGeneratedPostCard.swift in Sources */ = {isa = PBXBuildFile; fileRef = C8776B432D0218EE0091BB75 /* UserGeneratedPostCard.swift */; };
		C8781EB12D0332280068077E /* NewPostView.swift in Sources */ = {isa = PBXBuildFile; fileRef = C8781EB02D0332270068077E /* NewPostView.swift */; };
		C8781EB32D0332F90068077E /* EditProfileView.swift in Sources */ = {isa = PBXBuildFile; fileRef = C8781EB22D0332F70068077E /* EditProfileView.swift */; };
		C8781EB52D03372A0068077E /* FavoritePlaceCard.swift in Sources */ = {isa = PBXBuildFile; fileRef = C8781EB42D0337290068077E /* FavoritePlaceCard.swift */; };
		C8D105BB2D0CD02C006D9CA3 /* DestinationManager.swift in Sources */ = {isa = PBXBuildFile; fileRef = C8D105BA2D0CD02B006D9CA3 /* DestinationManager.swift */; };
		C8D105BD2D0CD04A006D9CA3 /* NewDestinationView.swift in Sources */ = {isa = PBXBuildFile; fileRef = C8D105BC2D0CD049006D9CA3 /* NewDestinationView.swift */; };
		C8D105BF2D0CD0E0006D9CA3 /* EditDestinationView.swift in Sources */ = {isa = PBXBuildFile; fileRef = C8D105BE2D0CD0DF006D9CA3 /* EditDestinationView.swift */; };
		C8D105C12D0CD28C006D9CA3 /* AddDestinationView.swift in Sources */ = {isa = PBXBuildFile; fileRef = C8D105C02D0CD28B006D9CA3 /* AddDestinationView.swift */; };
/* End PBXBuildFile section */

/* Begin PBXFileReference section */
		C845422B2D0B5B6500D21376 /* User.swift */ = {isa = PBXFileReference; lastKnownFileType = sourcecode.swift; path = User.swift; sourceTree = "<group>"; };
		C845422E2D0B5BEC00D21376 /* RegistrationView.swift */ = {isa = PBXFileReference; lastKnownFileType = sourcecode.swift; path = RegistrationView.swift; sourceTree = "<group>"; };
		C84542302D0B5D4100D21376 /* UserManager.swift */ = {isa = PBXFileReference; lastKnownFileType = sourcecode.swift; path = UserManager.swift; sourceTree = "<group>"; };
		C8529EAD2D0A365900342A0A /* ImagePicker.swift */ = {isa = PBXFileReference; lastKnownFileType = sourcecode.swift; path = ImagePicker.swift; sourceTree = "<group>"; };
		C85ECE362CF0F632000F0533 /* BottomNavigationBar.swift */ = {isa = PBXFileReference; lastKnownFileType = sourcecode.swift; path = BottomNavigationBar.swift; sourceTree = "<group>"; };
		C85ECE372CF0F632000F0533 /* DestinationCard.swift */ = {isa = PBXFileReference; lastKnownFileType = sourcecode.swift; path = DestinationCard.swift; sourceTree = "<group>"; };
		C85ECE382CF0F632000F0533 /* SearchBar.swift */ = {isa = PBXFileReference; lastKnownFileType = sourcecode.swift; path = SearchBar.swift; sourceTree = "<group>"; };
		C85ECE3A2CF0F632000F0533 /* Destination.swift */ = {isa = PBXFileReference; lastKnownFileType = sourcecode.swift; path = Destination.swift; sourceTree = "<group>"; };
		C85ECE3D2CF0F632000F0533 /* Preview Assets.xcassets */ = {isa = PBXFileReference; lastKnownFileType = folder.assetcatalog; path = "Preview Assets.xcassets"; sourceTree = "<group>"; };
		C85ECE3F2CF0F632000F0533 /* Assets.xcassets */ = {isa = PBXFileReference; lastKnownFileType = folder.assetcatalog; path = Assets.xcassets; sourceTree = "<group>"; };
		C85ECE402CF0F632000F0533 /* ContentView.swift */ = {isa = PBXFileReference; lastKnownFileType = sourcecode.swift; path = ContentView.swift; sourceTree = "<group>"; };
		C85ECE412CF0F632000F0533 /* TravelPlaceApp.swift */ = {isa = PBXFileReference; lastKnownFileType = sourcecode.swift; path = TravelPlaceApp.swift; sourceTree = "<group>"; };
		C85ECE4D2CF0F668000F0533 /* ExploreView.swift */ = {isa = PBXFileReference; lastKnownFileType = sourcecode.swift; path = ExploreView.swift; sourceTree = "<group>"; };
		C85ECE4F2CF0F67C000F0533 /* CategoryFilterView.swift */ = {isa = PBXFileReference; lastKnownFileType = sourcecode.swift; path = CategoryFilterView.swift; sourceTree = "<group>"; };
		C85ECE512CF0F69C000F0533 /* PlaceCard.swift */ = {isa = PBXFileReference; lastKnownFileType = sourcecode.swift; path = PlaceCard.swift; sourceTree = "<group>"; };
		C85ECE532CF0F6D1000F0533 /* ActionButton.swift */ = {isa = PBXFileReference; lastKnownFileType = sourcecode.swift; path = ActionButton.swift; sourceTree = "<group>"; };
		C8776B332D0213CD0091BB75 /* MainTabView.swift */ = {isa = PBXFileReference; lastKnownFileType = sourcecode.swift; path = MainTabView.swift; sourceTree = "<group>"; };
		C8776B372D02144A0091BB75 /* BlogView.swift */ = {isa = PBXFileReference; lastKnownFileType = sourcecode.swift; path = BlogView.swift; sourceTree = "<group>"; };
		C8776B392D0214750091BB75 /* FavoritesView.swift */ = {isa = PBXFileReference; lastKnownFileType = sourcecode.swift; path = FavoritesView.swift; sourceTree = "<group>"; };
		C8776B3B2D02147E0091BB75 /* ProfileView.swift */ = {isa = PBXFileReference; lastKnownFileType = sourcecode.swift; path = ProfileView.swift; sourceTree = "<group>"; };
		C8776B3D2D0216780091BB75 /* FeaturedPostCard.swift */ = {isa = PBXFileReference; lastKnownFileType = sourcecode.swift; path = FeaturedPostCard.swift; sourceTree = "<group>"; };
		C8776B3F2D02187C0091BB75 /* Post.swift */ = {isa = PBXFileReference; lastKnownFileType = sourcecode.swift; path = Post.swift; sourceTree = "<group>"; };
		C8776B412D02188C0091BB75 /* Comment.swift */ = {isa = PBXFileReference; lastKnownFileType = sourcecode.swift; path = Comment.swift; sourceTree = "<group>"; };
		C8776B432D0218EE0091BB75 /* UserGeneratedPostCard.swift */ = {isa = PBXFileReference; lastKnownFileType = sourcecode.swift; path = UserGeneratedPostCard.swift; sourceTree = "<group>"; };
		C8781EB02D0332270068077E /* NewPostView.swift */ = {isa = PBXFileReference; lastKnownFileType = sourcecode.swift; path = NewPostView.swift; sourceTree = "<group>"; };
		C8781EB22D0332F70068077E /* EditProfileView.swift */ = {isa = PBXFileReference; lastKnownFileType = sourcecode.swift; path = EditProfileView.swift; sourceTree = "<group>"; };
		C8781EB42D0337290068077E /* FavoritePlaceCard.swift */ = {isa = PBXFileReference; lastKnownFileType = sourcecode.swift; path = FavoritePlaceCard.swift; sourceTree = "<group>"; };
		C8BFAD832CEF69B2009CE628 /* TravelPlace.app */ = {isa = PBXFileReference; explicitFileType = wrapper.application; includeInIndex = 0; path = TravelPlace.app; sourceTree = BUILT_PRODUCTS_DIR; };
		C8D105BA2D0CD02B006D9CA3 /* DestinationManager.swift */ = {isa = PBXFileReference; lastKnownFileType = sourcecode.swift; path = DestinationManager.swift; sourceTree = "<group>"; };
		C8D105BC2D0CD049006D9CA3 /* NewDestinationView.swift */ = {isa = PBXFileReference; lastKnownFileType = sourcecode.swift; path = NewDestinationView.swift; sourceTree = "<group>"; };
		C8D105BE2D0CD0DF006D9CA3 /* EditDestinationView.swift */ = {isa = PBXFileReference; lastKnownFileType = sourcecode.swift; path = EditDestinationView.swift; sourceTree = "<group>"; };
		C8D105C02D0CD28B006D9CA3 /* AddDestinationView.swift */ = {isa = PBXFileReference; lastKnownFileType = sourcecode.swift; path = AddDestinationView.swift; sourceTree = "<group>"; };
/* End PBXFileReference section */

/* Begin PBXFrameworksBuildPhase section */
		C8BFAD802CEF69B2009CE628 /* Frameworks */ = {
			isa = PBXFrameworksBuildPhase;
			buildActionMask = 2147483647;
			files = (
			);
			runOnlyForDeploymentPostprocessing = 0;
		};
/* End PBXFrameworksBuildPhase section */

/* Begin PBXGroup section */
		C85ECE3C2CF0F632000F0533 /* Models */ = {
			isa = PBXGroup;
			children = (
				C845422B2D0B5B6500D21376 /* User.swift */,
				C8776B412D02188C0091BB75 /* Comment.swift */,
				C8776B3F2D02187C0091BB75 /* Post.swift */,
				C85ECE3A2CF0F632000F0533 /* Destination.swift */,
			);
			path = Models;
			sourceTree = "<group>";
		};
		C85ECE3E2CF0F632000F0533 /* Preview Content */ = {
			isa = PBXGroup;
			children = (
				C85ECE3D2CF0F632000F0533 /* Preview Assets.xcassets */,
			);
			path = "Preview Content";
			sourceTree = "<group>";
		};
		C85ECE422CF0F632000F0533 /* TravelPlace */ = {
			isa = PBXGroup;
			children = (
				C8D105B72D0CCB34006D9CA3 /* Core */,
				C85ECE4C2CF0F654000F0533 /* View */,
				C85ECE3C2CF0F632000F0533 /* Models */,
				C85ECE3E2CF0F632000F0533 /* Preview Content */,
				C85ECE3F2CF0F632000F0533 /* Assets.xcassets */,
				C85ECE402CF0F632000F0533 /* ContentView.swift */,
				C85ECE412CF0F632000F0533 /* TravelPlaceApp.swift */,
			);
			path = TravelPlace;
			sourceTree = "<group>";
		};
		C85ECE4C2CF0F654000F0533 /* View */ = {
			isa = PBXGroup;
			children = (
				C8D105B92D0CCB7C006D9CA3 /* Components */,
				C8D105B82D0CCB53006D9CA3 /* Screens */,
				C8781EB62D0337ED0068077E /* Card */,
				C8776B302D0213880091BB75 /* TabBar */,
			);
			path = View;
			sourceTree = "<group>";
		};
		C8776B302D0213880091BB75 /* TabBar */ = {
			isa = PBXGroup;
			children = (
				C8776B332D0213CD0091BB75 /* MainTabView.swift */,
			);
			path = TabBar;
			sourceTree = "<group>";
		};
		C8781EB62D0337ED0068077E /* Card */ = {
			isa = PBXGroup;
			children = (
				C8781EB42D0337290068077E /* FavoritePlaceCard.swift */,
				C8776B3D2D0216780091BB75 /* FeaturedPostCard.swift */,
				C85ECE512CF0F69C000F0533 /* PlaceCard.swift */,
				C85ECE372CF0F632000F0533 /* DestinationCard.swift */,
				C8776B432D0218EE0091BB75 /* UserGeneratedPostCard.swift */,
			);
			path = Card;
			sourceTree = "<group>";
		};
		C8BFAD7A2CEF69B2009CE628 = {
			isa = PBXGroup;
			children = (
				C85ECE422CF0F632000F0533 /* TravelPlace */,
				C8BFAD842CEF69B2009CE628 /* Products */,
			);
			sourceTree = "<group>";
		};
		C8BFAD842CEF69B2009CE628 /* Products */ = {
			isa = PBXGroup;
			children = (
				C8BFAD832CEF69B2009CE628 /* TravelPlace.app */,
			);
			name = Products;
			sourceTree = "<group>";
		};
		C8D105B72D0CCB34006D9CA3 /* Core */ = {
			isa = PBXGroup;
			children = (
				C8D105BA2D0CD02B006D9CA3 /* DestinationManager.swift */,
				C84542302D0B5D4100D21376 /* UserManager.swift */,
				C8529EAD2D0A365900342A0A /* ImagePicker.swift */,
			);
			path = Core;
			sourceTree = "<group>";
		};
		C8D105B82D0CCB53006D9CA3 /* Screens */ = {
			isa = PBXGroup;
			children = (
				C8D105C02D0CD28B006D9CA3 /* AddDestinationView.swift */,
				C8D105BE2D0CD0DF006D9CA3 /* EditDestinationView.swift */,
				C8D105BC2D0CD049006D9CA3 /* NewDestinationView.swift */,
				C8776B372D02144A0091BB75 /* BlogView.swift */,
				C8781EB22D0332F70068077E /* EditProfileView.swift */,
				C85ECE4D2CF0F668000F0533 /* ExploreView.swift */,
				C8776B3B2D02147E0091BB75 /* ProfileView.swift */,
				C8781EB02D0332270068077E /* NewPostView.swift */,
				C845422E2D0B5BEC00D21376 /* RegistrationView.swift */,
				C8776B392D0214750091BB75 /* FavoritesView.swift */,
			);
			path = Screens;
			sourceTree = "<group>";
		};
		C8D105B92D0CCB7C006D9CA3 /* Components */ = {
			isa = PBXGroup;
			children = (
				C85ECE532CF0F6D1000F0533 /* ActionButton.swift */,
				C85ECE362CF0F632000F0533 /* BottomNavigationBar.swift */,
				C85ECE4F2CF0F67C000F0533 /* CategoryFilterView.swift */,
				C85ECE382CF0F632000F0533 /* SearchBar.swift */,
			);
			path = Components;
			sourceTree = "<group>";
		};
/* End PBXGroup section */

/* Begin PBXNativeTarget section */
		C8BFAD822CEF69B2009CE628 /* TravelPlace */ = {
			isa = PBXNativeTarget;
			buildConfigurationList = C8BFAD932CEF69B3009CE628 /* Build configuration list for PBXNativeTarget "TravelPlace" */;
			buildPhases = (
				C8BFAD7F2CEF69B2009CE628 /* Sources */,
				C8BFAD802CEF69B2009CE628 /* Frameworks */,
				C8BFAD812CEF69B2009CE628 /* Resources */,
			);
			buildRules = (
			);
			dependencies = (
			);
			name = TravelPlace;
			packageProductDependencies = (
			);
			productName = TravelPlace;
			productReference = C8BFAD832CEF69B2009CE628 /* TravelPlace.app */;
			productType = "com.apple.product-type.application";
		};
/* End PBXNativeTarget section */

/* Begin PBXProject section */
		C8BFAD7B2CEF69B2009CE628 /* Project object */ = {
			isa = PBXProject;
			attributes = {
				BuildIndependentTargetsInParallel = 1;
				LastSwiftUpdateCheck = 1610;
				LastUpgradeCheck = 1610;
				TargetAttributes = {
					C8BFAD822CEF69B2009CE628 = {
						CreatedOnToolsVersion = 16.1;
					};
				};
			};
			buildConfigurationList = C8BFAD7E2CEF69B2009CE628 /* Build configuration list for PBXProject "TravelPlace" */;
			developmentRegion = en;
			hasScannedForEncodings = 0;
			knownRegions = (
				en,
				Base,
			);
			mainGroup = C8BFAD7A2CEF69B2009CE628;
			minimizedProjectReferenceProxies = 1;
			preferredProjectObjectVersion = 77;
			productRefGroup = C8BFAD842CEF69B2009CE628 /* Products */;
			projectDirPath = "";
			projectRoot = "";
			targets = (
				C8BFAD822CEF69B2009CE628 /* TravelPlace */,
			);
		};
/* End PBXProject section */

/* Begin PBXResourcesBuildPhase section */
		C8BFAD812CEF69B2009CE628 /* Resources */ = {
			isa = PBXResourcesBuildPhase;
			buildActionMask = 2147483647;
			files = (
				C85ECE432CF0F632000F0533 /* Assets.xcassets in Resources */,
				C85ECE442CF0F632000F0533 /* Preview Assets.xcassets in Resources */,
			);
			runOnlyForDeploymentPostprocessing = 0;
		};
/* End PBXResourcesBuildPhase section */

/* Begin PBXSourcesBuildPhase section */
		C8BFAD7F2CEF69B2009CE628 /* Sources */ = {
			isa = PBXSourcesBuildPhase;
			buildActionMask = 2147483647;
			files = (
				C8781EB32D0332F90068077E /* EditProfileView.swift in Sources */,
				C85ECE452CF0F632000F0533 /* SearchBar.swift in Sources */,
				C8D105BD2D0CD04A006D9CA3 /* NewDestinationView.swift in Sources */,
				C85ECE462CF0F632000F0533 /* BottomNavigationBar.swift in Sources */,
				C8776B3A2D0214760091BB75 /* FavoritesView.swift in Sources */,
				C85ECE502CF0F67E000F0533 /* CategoryFilterView.swift in Sources */,
				C85ECE542CF0F6D2000F0533 /* ActionButton.swift in Sources */,
				C8D105BF2D0CD0E0006D9CA3 /* EditDestinationView.swift in Sources */,
				C8776B422D02188C0091BB75 /* Comment.swift in Sources */,
				C8776B382D02144B0091BB75 /* BlogView.swift in Sources */,
				C8776B3E2D0216790091BB75 /* FeaturedPostCard.swift in Sources */,
				C8D105C12D0CD28C006D9CA3 /* AddDestinationView.swift in Sources */,
				C85ECE472CF0F632000F0533 /* TravelPlaceApp.swift in Sources */,
				C8776B342D0213CF0091BB75 /* MainTabView.swift in Sources */,
				C8776B442D0218EE0091BB75 /* UserGeneratedPostCard.swift in Sources */,
				C8529EAE2D0A365A00342A0A /* ImagePicker.swift in Sources */,
				C845422F2D0B5BED00D21376 /* RegistrationView.swift in Sources */,
				C85ECE482CF0F632000F0533 /* Destination.swift in Sources */,
				C84542312D0B5D4200D21376 /* UserManager.swift in Sources */,
				C85ECE4A2CF0F632000F0533 /* ContentView.swift in Sources */,
				C8776B402D02187D0091BB75 /* Post.swift in Sources */,
				C85ECE522CF0F69D000F0533 /* PlaceCard.swift in Sources */,
				C85ECE4E2CF0F66A000F0533 /* ExploreView.swift in Sources */,
				C8776B3C2D02147F0091BB75 /* ProfileView.swift in Sources */,
				C845422C2D0B5B6800D21376 /* User.swift in Sources */,
				C85ECE4B2CF0F632000F0533 /* DestinationCard.swift in Sources */,
				C8781EB12D0332280068077E /* NewPostView.swift in Sources */,
				C8D105BB2D0CD02C006D9CA3 /* DestinationManager.swift in Sources */,
				C8781EB52D03372A0068077E /* FavoritePlaceCard.swift in Sources */,
			);
			runOnlyForDeploymentPostprocessing = 0;
		};
/* End PBXSourcesBuildPhase section */

/* Begin XCBuildConfiguration section */
		C8BFAD912CEF69B3009CE628 /* Debug */ = {
			isa = XCBuildConfiguration;
			buildSettings = {
				ALWAYS_SEARCH_USER_PATHS = NO;
				ASSETCATALOG_COMPILER_GENERATE_SWIFT_ASSET_SYMBOL_EXTENSIONS = YES;
				CLANG_ANALYZER_NONNULL = YES;
				CLANG_ANALYZER_NUMBER_OBJECT_CONVERSION = YES_AGGRESSIVE;
				CLANG_CXX_LANGUAGE_STANDARD = "gnu++20";
				CLANG_ENABLE_MODULES = YES;
				CLANG_ENABLE_OBJC_ARC = YES;
				CLANG_ENABLE_OBJC_WEAK = YES;
				CLANG_WARN_BLOCK_CAPTURE_AUTORELEASING = YES;
				CLANG_WARN_BOOL_CONVERSION = YES;
				CLANG_WARN_COMMA = YES;
				CLANG_WARN_CONSTANT_CONVERSION = YES;
				CLANG_WARN_DEPRECATED_OBJC_IMPLEMENTATIONS = YES;
				CLANG_WARN_DIRECT_OBJC_ISA_USAGE = YES_ERROR;
				CLANG_WARN_DOCUMENTATION_COMMENTS = YES;
				CLANG_WARN_EMPTY_BODY = YES;
				CLANG_WARN_ENUM_CONVERSION = YES;
				CLANG_WARN_INFINITE_RECURSION = YES;
				CLANG_WARN_INT_CONVERSION = YES;
				CLANG_WARN_NON_LITERAL_NULL_CONVERSION = YES;
				CLANG_WARN_OBJC_IMPLICIT_RETAIN_SELF = YES;
				CLANG_WARN_OBJC_LITERAL_CONVERSION = YES;
				CLANG_WARN_OBJC_ROOT_CLASS = YES_ERROR;
				CLANG_WARN_QUOTED_INCLUDE_IN_FRAMEWORK_HEADER = YES;
				CLANG_WARN_RANGE_LOOP_ANALYSIS = YES;
				CLANG_WARN_STRICT_PROTOTYPES = YES;
				CLANG_WARN_SUSPICIOUS_MOVE = YES;
				CLANG_WARN_UNGUARDED_AVAILABILITY = YES_AGGRESSIVE;
				CLANG_WARN_UNREACHABLE_CODE = YES;
				CLANG_WARN__DUPLICATE_METHOD_MATCH = YES;
				COPY_PHASE_STRIP = NO;
				DEBUG_INFORMATION_FORMAT = dwarf;
				ENABLE_STRICT_OBJC_MSGSEND = YES;
				ENABLE_TESTABILITY = YES;
				ENABLE_USER_SCRIPT_SANDBOXING = YES;
				GCC_C_LANGUAGE_STANDARD = gnu17;
				GCC_DYNAMIC_NO_PIC = NO;
				GCC_NO_COMMON_BLOCKS = YES;
				GCC_OPTIMIZATION_LEVEL = 0;
				GCC_PREPROCESSOR_DEFINITIONS = (
					"DEBUG=1",
					"$(inherited)",
				);
				GCC_WARN_64_TO_32_BIT_CONVERSION = YES;
				GCC_WARN_ABOUT_RETURN_TYPE = YES_ERROR;
				GCC_WARN_UNDECLARED_SELECTOR = YES;
				GCC_WARN_UNINITIALIZED_AUTOS = YES_AGGRESSIVE;
				GCC_WARN_UNUSED_FUNCTION = YES;
				GCC_WARN_UNUSED_VARIABLE = YES;
				IPHONEOS_DEPLOYMENT_TARGET = 18.1;
				LOCALIZATION_PREFERS_STRING_CATALOGS = YES;
				MTL_ENABLE_DEBUG_INFO = INCLUDE_SOURCE;
				MTL_FAST_MATH = YES;
				ONLY_ACTIVE_ARCH = YES;
				SDKROOT = iphoneos;
				SWIFT_ACTIVE_COMPILATION_CONDITIONS = "DEBUG $(inherited)";
				SWIFT_OPTIMIZATION_LEVEL = "-Onone";
			};
			name = Debug;
		};
		C8BFAD922CEF69B3009CE628 /* Release */ = {
			isa = XCBuildConfiguration;
			buildSettings = {
				ALWAYS_SEARCH_USER_PATHS = NO;
				ASSETCATALOG_COMPILER_GENERATE_SWIFT_ASSET_SYMBOL_EXTENSIONS = YES;
				CLANG_ANALYZER_NONNULL = YES;
				CLANG_ANALYZER_NUMBER_OBJECT_CONVERSION = YES_AGGRESSIVE;
				CLANG_CXX_LANGUAGE_STANDARD = "gnu++20";
				CLANG_ENABLE_MODULES = YES;
				CLANG_ENABLE_OBJC_ARC = YES;
				CLANG_ENABLE_OBJC_WEAK = YES;
				CLANG_WARN_BLOCK_CAPTURE_AUTORELEASING = YES;
				CLANG_WARN_BOOL_CONVERSION = YES;
				CLANG_WARN_COMMA = YES;
				CLANG_WARN_CONSTANT_CONVERSION = YES;
				CLANG_WARN_DEPRECATED_OBJC_IMPLEMENTATIONS = YES;
				CLANG_WARN_DIRECT_OBJC_ISA_USAGE = YES_ERROR;
				CLANG_WARN_DOCUMENTATION_COMMENTS = YES;
				CLANG_WARN_EMPTY_BODY = YES;
				CLANG_WARN_ENUM_CONVERSION = YES;
				CLANG_WARN_INFINITE_RECURSION = YES;
				CLANG_WARN_INT_CONVERSION = YES;
				CLANG_WARN_NON_LITERAL_NULL_CONVERSION = YES;
				CLANG_WARN_OBJC_IMPLICIT_RETAIN_SELF = YES;
				CLANG_WARN_OBJC_LITERAL_CONVERSION = YES;
				CLANG_WARN_OBJC_ROOT_CLASS = YES_ERROR;
				CLANG_WARN_QUOTED_INCLUDE_IN_FRAMEWORK_HEADER = YES;
				CLANG_WARN_RANGE_LOOP_ANALYSIS = YES;
				CLANG_WARN_STRICT_PROTOTYPES = YES;
				CLANG_WARN_SUSPICIOUS_MOVE = YES;
				CLANG_WARN_UNGUARDED_AVAILABILITY = YES_AGGRESSIVE;
				CLANG_WARN_UNREACHABLE_CODE = YES;
				CLANG_WARN__DUPLICATE_METHOD_MATCH = YES;
				COPY_PHASE_STRIP = NO;
				DEBUG_INFORMATION_FORMAT = "dwarf-with-dsym";
				ENABLE_NS_ASSERTIONS = NO;
				ENABLE_STRICT_OBJC_MSGSEND = YES;
				ENABLE_USER_SCRIPT_SANDBOXING = YES;
				GCC_C_LANGUAGE_STANDARD = gnu17;
				GCC_NO_COMMON_BLOCKS = YES;
				GCC_WARN_64_TO_32_BIT_CONVERSION = YES;
				GCC_WARN_ABOUT_RETURN_TYPE = YES_ERROR;
				GCC_WARN_UNDECLARED_SELECTOR = YES;
				GCC_WARN_UNINITIALIZED_AUTOS = YES_AGGRESSIVE;
				GCC_WARN_UNUSED_FUNCTION = YES;
				GCC_WARN_UNUSED_VARIABLE = YES;
				IPHONEOS_DEPLOYMENT_TARGET = 18.1;
				LOCALIZATION_PREFERS_STRING_CATALOGS = YES;
				MTL_ENABLE_DEBUG_INFO = NO;
				MTL_FAST_MATH = YES;
				SDKROOT = iphoneos;
				SWIFT_COMPILATION_MODE = wholemodule;
				VALIDATE_PRODUCT = YES;
			};
			name = Release;
		};
		C8BFAD942CEF69B3009CE628 /* Debug */ = {
			isa = XCBuildConfiguration;
			buildSettings = {
				ASSETCATALOG_COMPILER_APPICON_NAME = AppIcon;
				ASSETCATALOG_COMPILER_GLOBAL_ACCENT_COLOR_NAME = AccentColor;
				CODE_SIGN_STYLE = Automatic;
				CURRENT_PROJECT_VERSION = 1;
				DEVELOPMENT_ASSET_PATHS = "\"TravelPlace/Preview Content\"";
				DEVELOPMENT_TEAM = V57D4APK6P;
				ENABLE_PREVIEWS = YES;
				GENERATE_INFOPLIST_FILE = YES;
				INFOPLIST_KEY_UIApplicationSceneManifest_Generation = YES;
				INFOPLIST_KEY_UIApplicationSupportsIndirectInputEvents = YES;
				INFOPLIST_KEY_UILaunchScreen_Generation = YES;
				INFOPLIST_KEY_UISupportedInterfaceOrientations_iPad = "UIInterfaceOrientationPortrait UIInterfaceOrientationPortraitUpsideDown UIInterfaceOrientationLandscapeLeft UIInterfaceOrientationLandscapeRight";
				INFOPLIST_KEY_UISupportedInterfaceOrientations_iPhone = "UIInterfaceOrientationPortrait UIInterfaceOrientationLandscapeLeft UIInterfaceOrientationLandscapeRight";
				LD_RUNPATH_SEARCH_PATHS = (
					"$(inherited)",
					"@executable_path/Frameworks",
				);
				MARKETING_VERSION = 1.0;
				PRODUCT_BUNDLE_IDENTIFIER = None.TravelPlace;
				PRODUCT_NAME = "$(TARGET_NAME)";
				SWIFT_EMIT_LOC_STRINGS = YES;
				SWIFT_VERSION = 5.0;
				TARGETED_DEVICE_FAMILY = "1,2";
			};
			name = Debug;
		};
		C8BFAD952CEF69B3009CE628 /* Release */ = {
			isa = XCBuildConfiguration;
			buildSettings = {
				ASSETCATALOG_COMPILER_APPICON_NAME = AppIcon;
				ASSETCATALOG_COMPILER_GLOBAL_ACCENT_COLOR_NAME = AccentColor;
				CODE_SIGN_STYLE = Automatic;
				CURRENT_PROJECT_VERSION = 1;
				DEVELOPMENT_ASSET_PATHS = "\"TravelPlace/Preview Content\"";
				DEVELOPMENT_TEAM = V57D4APK6P;
				ENABLE_PREVIEWS = YES;
				GENERATE_INFOPLIST_FILE = YES;
				INFOPLIST_KEY_UIApplicationSceneManifest_Generation = YES;
				INFOPLIST_KEY_UIApplicationSupportsIndirectInputEvents = YES;
				INFOPLIST_KEY_UILaunchScreen_Generation = YES;
				INFOPLIST_KEY_UISupportedInterfaceOrientations_iPad = "UIInterfaceOrientationPortrait UIInterfaceOrientationPortraitUpsideDown UIInterfaceOrientationLandscapeLeft UIInterfaceOrientationLandscapeRight";
				INFOPLIST_KEY_UISupportedInterfaceOrientations_iPhone = "UIInterfaceOrientationPortrait UIInterfaceOrientationLandscapeLeft UIInterfaceOrientationLandscapeRight";
				LD_RUNPATH_SEARCH_PATHS = (
					"$(inherited)",
					"@executable_path/Frameworks",
				);
				MARKETING_VERSION = 1.0;
				PRODUCT_BUNDLE_IDENTIFIER = None.TravelPlace;
				PRODUCT_NAME = "$(TARGET_NAME)";
				SWIFT_EMIT_LOC_STRINGS = YES;
				SWIFT_VERSION = 5.0;
				TARGETED_DEVICE_FAMILY = "1,2";
			};
			name = Release;
		};
/* End XCBuildConfiguration section */

/* Begin XCConfigurationList section */
		C8BFAD7E2CEF69B2009CE628 /* Build configuration list for PBXProject "TravelPlace" */ = {
			isa = XCConfigurationList;
			buildConfigurations = (
				C8BFAD912CEF69B3009CE628 /* Debug */,
				C8BFAD922CEF69B3009CE628 /* Release */,
			);
			defaultConfigurationIsVisible = 0;
			defaultConfigurationName = Release;
		};
		C8BFAD932CEF69B3009CE628 /* Build configuration list for PBXNativeTarget "TravelPlace" */ = {
			isa = XCConfigurationList;
			buildConfigurations = (
				C8BFAD942CEF69B3009CE628 /* Debug */,
				C8BFAD952CEF69B3009CE628 /* Release */,
			);
			defaultConfigurationIsVisible = 0;
			defaultConfigurationName = Release;
		};
/* End XCConfigurationList section */
	};
	rootObject = C8BFAD7B2CEF69B2009CE628 /* Project object */;
}
