// !$*UTF8*$!
{
	archiveVersion = 1;
	classes = {
	};
	objectVersion = 77;
	objects = {

/* Begin PBXBuildFile section */
		C85ECE432CF0F632000F0533 /* Assets.xcassets in Resources */ = {isa = PBXBuildFile; fileRef = C85ECE3F2CF0F632000F0533 /* Assets.xcassets */; };
		C85ECE442CF0F632000F0533 /* Preview Assets.xcassets in Resources */ = {isa = PBXBuildFile; fileRef = C85ECE3D2CF0F632000F0533 /* Preview Assets.xcassets */; };
		C85ECE452CF0F632000F0533 /* SearchBar.swift in Sources */ = {isa = PBXBuildFile; fileRef = C85ECE382CF0F632000F0533 /* SearchBar.swift */; };
		C85ECE462CF0F632000F0533 /* BottomNavigationBar.swift in Sources */ = {isa = PBXBuildFile; fileRef = C85ECE362CF0F632000F0533 /* BottomNavigationBar.swift */; };
		C85ECE472CF0F632000F0533 /* TravelPlaceApp.swift in Sources */ = {isa = PBXBuildFile; fileRef = C85ECE412CF0F632000F0533 /* TravelPlaceApp.swift */; };
		C85ECE482CF0F632000F0533 /* Destination.swift in Sources */ = {isa = PBXBuildFile; fileRef = C85ECE3A2CF0F632000F0533 /* Destination.swift */; };
		C85ECE4A2CF0F632000F0533 /* ContentView.swift in Sources */ = {isa = PBXBuildFile; fileRef = C85ECE402CF0F632000F0533 /* ContentView.swift */; };
		C85ECE4B2CF0F632000F0533 /* DestinationCard.swift in Sources */ = {isa = PBXBuildFile; fileRef = C85ECE372CF0F632000F0533 /* DestinationCard.swift */; };
		C85ECE4E2CF0F66A000F0533 /* ExploreView.swift in Sources */ = {isa = PBXBuildFile; fileRef = C85ECE4D2CF0F668000F0533 /* ExploreView.swift */; };
		C85ECE502CF0F67E000F0533 /* CategoryFilterView.swift in Sources */ = {isa = PBXBuildFile; fileRef = C85ECE4F2CF0F67C000F0533 /* CategoryFilterView.swift */; };
		C85ECE522CF0F69D000F0533 /* PlaceCard.swift in Sources */ = {isa = PBXBuildFile; fileRef = C85ECE512CF0F69C000F0533 /* PlaceCard.swift */; };
		C85ECE542CF0F6D2000F0533 /* ActionButton.swift in Sources */ = {isa = PBXBuildFile; fileRef = C85ECE532CF0F6D1000F0533 /* ActionButton.swift */; };
/* End PBXBuildFile section */

/* Begin PBXFileReference section */
		C85ECE362CF0F632000F0533 /* BottomNavigationBar.swift */ = {isa = PBXFileReference; lastKnownFileType = sourcecode.swift; path = BottomNavigationBar.swift; sourceTree = "<group>"; };
		C85ECE372CF0F632000F0533 /* DestinationCard.swift */ = {isa = PBXFileReference; lastKnownFileType = sourcecode.swift; path = DestinationCard.swift; sourceTree = "<group>"; };
		C85ECE382CF0F632000F0533 /* SearchBar.swift */ = {isa = PBXFileReference; lastKnownFileType = sourcecode.swift; path = SearchBar.swift; sourceTree = "<group>"; };
		C85ECE3A2CF0F632000F0533 /* Destination.swift */ = {isa = PBXFileReference; lastKnownFileType = sourcecode.swift; path = Destination.swift; sourceTree = "<group>"; };
		C85ECE3D2CF0F632000F0533 /* Preview Assets.xcassets */ = {isa = PBXFileReference; lastKnownFileType = folder.assetcatalog; path = "Preview Assets.xcassets"; sourceTree = "<group>"; };
		C85ECE3F2CF0F632000F0533 /* Assets.xcassets */ = {isa = PBXFileReference; lastKnownFileType = folder.assetcatalog; path = Assets.xcassets; sourceTree = "<group>"; };
		C85ECE402CF0F632000F0533 /* ContentView.swift */ = {isa = PBXFileReference; lastKnownFileType = sourcecode.swift; path = ContentView.swift; sourceTree = "<group>"; };
		C85ECE412CF0F632000F0533 /* TravelPlaceApp.swift */ = {isa = PBXFileReference; lastKnownFileType = sourcecode.swift; path = TravelPlaceApp.swift; sourceTree = "<group>"; };
		C85ECE4D2CF0F668000F0533 /* ExploreView.swift */ = {isa = PBXFileReference; lastKnownFileType = sourcecode.swift; path = ExploreView.swift; sourceTree = "<group>"; };
		C85ECE4F2CF0F67C000F0533 /* CategoryFilterView.swift */ = {isa = PBXFileReference; lastKnownFileType = sourcecode.swift; path = CategoryFilterView.swift; sourceTree = "<group>"; };
		C85ECE512CF0F69C000F0533 /* PlaceCard.swift */ = {isa = PBXFileReference; lastKnownFileType = sourcecode.swift; path = PlaceCard.swift; sourceTree = "<group>"; };
		C85ECE532CF0F6D1000F0533 /* ActionButton.swift */ = {isa = PBXFileReference; lastKnownFileType = sourcecode.swift; path = ActionButton.swift; sourceTree = "<group>"; };
		C8BFAD832CEF69B2009CE628 /* TravelPlace.app */ = {isa = PBXFileReference; explicitFileType = wrapper.application; includeInIndex = 0; path = TravelPlace.app; sourceTree = BUILT_PRODUCTS_DIR; };
/* End PBXFileReference section */

/* Begin PBXFrameworksBuildPhase section */
		C8BFAD802CEF69B2009CE628 /* Frameworks */ = {
			isa = PBXFrameworksBuildPhase;
			buildActionMask = 2147483647;
			files = (
			);
			runOnlyForDeploymentPostprocessing = 0;
		};
/* End PBXFrameworksBuildPhase section */

/* Begin PBXGroup section */
		C85ECE3C2CF0F632000F0533 /* Models */ = {
			isa = PBXGroup;
			children = (
				C85ECE3A2CF0F632000F0533 /* Destination.swift */,
			);
			path = Models;
			sourceTree = "<group>";
		};
		C85ECE3E2CF0F632000F0533 /* Preview Content */ = {
			isa = PBXGroup;
			children = (
				C85ECE3D2CF0F632000F0533 /* Preview Assets.xcassets */,
			);
			path = "Preview Content";
			sourceTree = "<group>";
		};
		C85ECE422CF0F632000F0533 /* TravelPlace */ = {
			isa = PBXGroup;
			children = (
				C85ECE4C2CF0F654000F0533 /* View */,
				C85ECE3C2CF0F632000F0533 /* Models */,
				C85ECE3E2CF0F632000F0533 /* Preview Content */,
				C85ECE3F2CF0F632000F0533 /* Assets.xcassets */,
				C85ECE402CF0F632000F0533 /* ContentView.swift */,
				C85ECE412CF0F632000F0533 /* TravelPlaceApp.swift */,
			);
			path = TravelPlace;
			sourceTree = "<group>";
		};
		C85ECE4C2CF0F654000F0533 /* View */ = {
			isa = PBXGroup;
			children = (
				C85ECE4D2CF0F668000F0533 /* ExploreView.swift */,
				C85ECE512CF0F69C000F0533 /* PlaceCard.swift */,
				C85ECE362CF0F632000F0533 /* BottomNavigationBar.swift */,
				C85ECE4F2CF0F67C000F0533 /* CategoryFilterView.swift */,
				C85ECE372CF0F632000F0533 /* DestinationCard.swift */,
				C85ECE532CF0F6D1000F0533 /* ActionButton.swift */,
				C85ECE382CF0F632000F0533 /* SearchBar.swift */,
			);
			path = View;
			sourceTree = "<group>";
		};
		C8BFAD7A2CEF69B2009CE628 = {
			isa = PBXGroup;
			children = (
				C85ECE422CF0F632000F0533 /* TravelPlace */,
				C8BFAD842CEF69B2009CE628 /* Products */,
			);
			sourceTree = "<group>";
		};
		C8BFAD842CEF69B2009CE628 /* Products */ = {
			isa = PBXGroup;
			children = (
				C8BFAD832CEF69B2009CE628 /* TravelPlace.app */,
			);
			name = Products;
			sourceTree = "<group>";
		};
/* End PBXGroup section */

/* Begin PBXNativeTarget section */
		C8BFAD822CEF69B2009CE628 /* TravelPlace */ = {
			isa = PBXNativeTarget;
			buildConfigurationList = C8BFAD932CEF69B3009CE628 /* Build configuration list for PBXNativeTarget "TravelPlace" */;
			buildPhases = (
				C8BFAD7F2CEF69B2009CE628 /* Sources */,
				C8BFAD802CEF69B2009CE628 /* Frameworks */,
				C8BFAD812CEF69B2009CE628 /* Resources */,
			);
			buildRules = (
			);
			dependencies = (
			);
			name = TravelPlace;
			packageProductDependencies = (
			);
			productName = TravelPlace;
			productReference = C8BFAD832CEF69B2009CE628 /* TravelPlace.app */;
			productType = "com.apple.product-type.application";
		};
/* End PBXNativeTarget section */

/* Begin PBXProject section */
		C8BFAD7B2CEF69B2009CE628 /* Project object */ = {
			isa = PBXProject;
			attributes = {
				BuildIndependentTargetsInParallel = 1;
				LastSwiftUpdateCheck = 1610;
				LastUpgradeCheck = 1610;
				TargetAttributes = {
					C8BFAD822CEF69B2009CE628 = {
						CreatedOnToolsVersion = 16.1;
					};
				};
			};
			buildConfigurationList = C8BFAD7E2CEF69B2009CE628 /* Build configuration list for PBXProject "TravelPlace" */;
			developmentRegion = en;
			hasScannedForEncodings = 0;
			knownRegions = (
				en,
				Base,
			);
			mainGroup = C8BFAD7A2CEF69B2009CE628;
			minimizedProjectReferenceProxies = 1;
			preferredProjectObjectVersion = 77;
			productRefGroup = C8BFAD842CEF69B2009CE628 /* Products */;
			projectDirPath = "";
			projectRoot = "";
			targets = (
				C8BFAD822CEF69B2009CE628 /* TravelPlace */,
			);
		};
/* End PBXProject section */

/* Begin PBXResourcesBuildPhase section */
		C8BFAD812CEF69B2009CE628 /* Resources */ = {
			isa = PBXResourcesBuildPhase;
			buildActionMask = 2147483647;
			files = (
				C85ECE432CF0F632000F0533 /* Assets.xcassets in Resources */,
				C85ECE442CF0F632000F0533 /* Preview Assets.xcassets in Resources */,
			);
			runOnlyForDeploymentPostprocessing = 0;
		};
/* End PBXResourcesBuildPhase section */

/* Begin PBXSourcesBuildPhase section */
		C8BFAD7F2CEF69B2009CE628 /* Sources */ = {
			isa = PBXSourcesBuildPhase;
			buildActionMask = 2147483647;
			files = (
				C85ECE452CF0F632000F0533 /* SearchBar.swift in Sources */,
				C85ECE462CF0F632000F0533 /* BottomNavigationBar.swift in Sources */,
				C85ECE502CF0F67E000F0533 /* CategoryFilterView.swift in Sources */,
				C85ECE542CF0F6D2000F0533 /* ActionButton.swift in Sources */,
				C85ECE472CF0F632000F0533 /* TravelPlaceApp.swift in Sources */,
				C85ECE482CF0F632000F0533 /* Destination.swift in Sources */,
				C85ECE4A2CF0F632000F0533 /* ContentView.swift in Sources */,
				C85ECE522CF0F69D000F0533 /* PlaceCard.swift in Sources */,
				C85ECE4E2CF0F66A000F0533 /* ExploreView.swift in Sources */,
				C85ECE4B2CF0F632000F0533 /* DestinationCard.swift in Sources */,
			);
			runOnlyForDeploymentPostprocessing = 0;
		};
/* End PBXSourcesBuildPhase section */

/* Begin XCBuildConfiguration section */
		C8BFAD912CEF69B3009CE628 /* Debug */ = {
			isa = XCBuildConfiguration;
			buildSettings = {
				ALWAYS_SEARCH_USER_PATHS = NO;
				ASSETCATALOG_COMPILER_GENERATE_SWIFT_ASSET_SYMBOL_EXTENSIONS = YES;
				CLANG_ANALYZER_NONNULL = YES;
				CLANG_ANALYZER_NUMBER_OBJECT_CONVERSION = YES_AGGRESSIVE;
				CLANG_CXX_LANGUAGE_STANDARD = "gnu++20";
				CLANG_ENABLE_MODULES = YES;
				CLANG_ENABLE_OBJC_ARC = YES;
				CLANG_ENABLE_OBJC_WEAK = YES;
				CLANG_WARN_BLOCK_CAPTURE_AUTORELEASING = YES;
				CLANG_WARN_BOOL_CONVERSION = YES;
				CLANG_WARN_COMMA = YES;
				CLANG_WARN_CONSTANT_CONVERSION = YES;
				CLANG_WARN_DEPRECATED_OBJC_IMPLEMENTATIONS = YES;
				CLANG_WARN_DIRECT_OBJC_ISA_USAGE = YES_ERROR;
				CLANG_WARN_DOCUMENTATION_COMMENTS = YES;
				CLANG_WARN_EMPTY_BODY = YES;
				CLANG_WARN_ENUM_CONVERSION = YES;
				CLANG_WARN_INFINITE_RECURSION = YES;
				CLANG_WARN_INT_CONVERSION = YES;
				CLANG_WARN_NON_LITERAL_NULL_CONVERSION = YES;
				CLANG_WARN_OBJC_IMPLICIT_RETAIN_SELF = YES;
				CLANG_WARN_OBJC_LITERAL_CONVERSION = YES;
				CLANG_WARN_OBJC_ROOT_CLASS = YES_ERROR;
				CLANG_WARN_QUOTED_INCLUDE_IN_FRAMEWORK_HEADER = YES;
				CLANG_WARN_RANGE_LOOP_ANALYSIS = YES;
				CLANG_WARN_STRICT_PROTOTYPES = YES;
				CLANG_WARN_SUSPICIOUS_MOVE = YES;
				CLANG_WARN_UNGUARDED_AVAILABILITY = YES_AGGRESSIVE;
				CLANG_WARN_UNREACHABLE_CODE = YES;
				CLANG_WARN__DUPLICATE_METHOD_MATCH = YES;
				COPY_PHASE_STRIP = NO;
				DEBUG_INFORMATION_FORMAT = dwarf;
				ENABLE_STRICT_OBJC_MSGSEND = YES;
				ENABLE_TESTABILITY = YES;
				ENABLE_USER_SCRIPT_SANDBOXING = YES;
				GCC_C_LANGUAGE_STANDARD = gnu17;
				GCC_DYNAMIC_NO_PIC = NO;
				GCC_NO_COMMON_BLOCKS = YES;
				GCC_OPTIMIZATION_LEVEL = 0;
				GCC_PREPROCESSOR_DEFINITIONS = (
					"DEBUG=1",
					"$(inherited)",
				);
				GCC_WARN_64_TO_32_BIT_CONVERSION = YES;
				GCC_WARN_ABOUT_RETURN_TYPE = YES_ERROR;
				GCC_WARN_UNDECLARED_SELECTOR = YES;
				GCC_WARN_UNINITIALIZED_AUTOS = YES_AGGRESSIVE;
				GCC_WARN_UNUSED_FUNCTION = YES;
				GCC_WARN_UNUSED_VARIABLE = YES;
				IPHONEOS_DEPLOYMENT_TARGET = 18.1;
				LOCALIZATION_PREFERS_STRING_CATALOGS = YES;
				MTL_ENABLE_DEBUG_INFO = INCLUDE_SOURCE;
				MTL_FAST_MATH = YES;
				ONLY_ACTIVE_ARCH = YES;
				SDKROOT = iphoneos;
				SWIFT_ACTIVE_COMPILATION_CONDITIONS = "DEBUG $(inherited)";
				SWIFT_OPTIMIZATION_LEVEL = "-Onone";
			};
			name = Debug;
		};
		C8BFAD922CEF69B3009CE628 /* Release */ = {
			isa = XCBuildConfiguration;
			buildSettings = {
				ALWAYS_SEARCH_USER_PATHS = NO;
				ASSETCATALOG_COMPILER_GENERATE_SWIFT_ASSET_SYMBOL_EXTENSIONS = YES;
				CLANG_ANALYZER_NONNULL = YES;
				CLANG_ANALYZER_NUMBER_OBJECT_CONVERSION = YES_AGGRESSIVE;
				CLANG_CXX_LANGUAGE_STANDARD = "gnu++20";
				CLANG_ENABLE_MODULES = YES;
				CLANG_ENABLE_OBJC_ARC = YES;
				CLANG_ENABLE_OBJC_WEAK = YES;
				CLANG_WARN_BLOCK_CAPTURE_AUTORELEASING = YES;
				CLANG_WARN_BOOL_CONVERSION = YES;
				CLANG_WARN_COMMA = YES;
				CLANG_WARN_CONSTANT_CONVERSION = YES;
				CLANG_WARN_DEPRECATED_OBJC_IMPLEMENTATIONS = YES;
				CLANG_WARN_DIRECT_OBJC_ISA_USAGE = YES_ERROR;
				CLANG_WARN_DOCUMENTATION_COMMENTS = YES;
				CLANG_WARN_EMPTY_BODY = YES;
				CLANG_WARN_ENUM_CONVERSION = YES;
				CLANG_WARN_INFINITE_RECURSION = YES;
				CLANG_WARN_INT_CONVERSION = YES;
				CLANG_WARN_NON_LITERAL_NULL_CONVERSION = YES;
				CLANG_WARN_OBJC_IMPLICIT_RETAIN_SELF = YES;
				CLANG_WARN_OBJC_LITERAL_CONVERSION = YES;
				CLANG_WARN_OBJC_ROOT_CLASS = YES_ERROR;
				CLANG_WARN_QUOTED_INCLUDE_IN_FRAMEWORK_HEADER = YES;
				CLANG_WARN_RANGE_LOOP_ANALYSIS = YES;
				CLANG_WARN_STRICT_PROTOTYPES = YES;
				CLANG_WARN_SUSPICIOUS_MOVE = YES;
				CLANG_WARN_UNGUARDED_AVAILABILITY = YES_AGGRESSIVE;
				CLANG_WARN_UNREACHABLE_CODE = YES;
				CLANG_WARN__DUPLICATE_METHOD_MATCH = YES;
				COPY_PHASE_STRIP = NO;
				DEBUG_INFORMATION_FORMAT = "dwarf-with-dsym";
				ENABLE_NS_ASSERTIONS = NO;
				ENABLE_STRICT_OBJC_MSGSEND = YES;
				ENABLE_USER_SCRIPT_SANDBOXING = YES;
				GCC_C_LANGUAGE_STANDARD = gnu17;
				GCC_NO_COMMON_BLOCKS = YES;
				GCC_WARN_64_TO_32_BIT_CONVERSION = YES;
				GCC_WARN_ABOUT_RETURN_TYPE = YES_ERROR;
				GCC_WARN_UNDECLARED_SELECTOR = YES;
				GCC_WARN_UNINITIALIZED_AUTOS = YES_AGGRESSIVE;
				GCC_WARN_UNUSED_FUNCTION = YES;
				GCC_WARN_UNUSED_VARIABLE = YES;
				IPHONEOS_DEPLOYMENT_TARGET = 18.1;
				LOCALIZATION_PREFERS_STRING_CATALOGS = YES;
				MTL_ENABLE_DEBUG_INFO = NO;
				MTL_FAST_MATH = YES;
				SDKROOT = iphoneos;
				SWIFT_COMPILATION_MODE = wholemodule;
				VALIDATE_PRODUCT = YES;
			};
			name = Release;
		};
		C8BFAD942CEF69B3009CE628 /* Debug */ = {
			isa = XCBuildConfiguration;
			buildSettings = {
				ASSETCATALOG_COMPILER_APPICON_NAME = AppIcon;
				ASSETCATALOG_COMPILER_GLOBAL_ACCENT_COLOR_NAME = AccentColor;
				CODE_SIGN_STYLE = Automatic;
				CURRENT_PROJECT_VERSION = 1;
				DEVELOPMENT_ASSET_PATHS = "\"TravelPlace/Preview Content\"";
				DEVELOPMENT_TEAM = V57D4APK6P;
				ENABLE_PREVIEWS = YES;
				GENERATE_INFOPLIST_FILE = YES;
				INFOPLIST_KEY_UIApplicationSceneManifest_Generation = YES;
				INFOPLIST_KEY_UIApplicationSupportsIndirectInputEvents = YES;
				INFOPLIST_KEY_UILaunchScreen_Generation = YES;
				INFOPLIST_KEY_UISupportedInterfaceOrientations_iPad = "UIInterfaceOrientationPortrait UIInterfaceOrientationPortraitUpsideDown UIInterfaceOrientationLandscapeLeft UIInterfaceOrientationLandscapeRight";
				INFOPLIST_KEY_UISupportedInterfaceOrientations_iPhone = "UIInterfaceOrientationPortrait UIInterfaceOrientationLandscapeLeft UIInterfaceOrientationLandscapeRight";
				LD_RUNPATH_SEARCH_PATHS = (
					"$(inherited)",
					"@executable_path/Frameworks",
				);
				MARKETING_VERSION = 1.0;
				PRODUCT_BUNDLE_IDENTIFIER = None.TravelPlace;
				PRODUCT_NAME = "$(TARGET_NAME)";
				SWIFT_EMIT_LOC_STRINGS = YES;
				SWIFT_VERSION = 5.0;
				TARGETED_DEVICE_FAMILY = "1,2";
			};
			name = Debug;
		};
		C8BFAD952CEF69B3009CE628 /* Release */ = {
			isa = XCBuildConfiguration;
			buildSettings = {
				ASSETCATALOG_COMPILER_APPICON_NAME = AppIcon;
				ASSETCATALOG_COMPILER_GLOBAL_ACCENT_COLOR_NAME = AccentColor;
				CODE_SIGN_STYLE = Automatic;
				CURRENT_PROJECT_VERSION = 1;
				DEVELOPMENT_ASSET_PATHS = "\"TravelPlace/Preview Content\"";
				DEVELOPMENT_TEAM = V57D4APK6P;
				ENABLE_PREVIEWS = YES;
				GENERATE_INFOPLIST_FILE = YES;
				INFOPLIST_KEY_UIApplicationSceneManifest_Generation = YES;
				INFOPLIST_KEY_UIApplicationSupportsIndirectInputEvents = YES;
				INFOPLIST_KEY_UILaunchScreen_Generation = YES;
				INFOPLIST_KEY_UISupportedInterfaceOrientations_iPad = "UIInterfaceOrientationPortrait UIInterfaceOrientationPortraitUpsideDown UIInterfaceOrientationLandscapeLeft UIInterfaceOrientationLandscapeRight";
				INFOPLIST_KEY_UISupportedInterfaceOrientations_iPhone = "UIInterfaceOrientationPortrait UIInterfaceOrientationLandscapeLeft UIInterfaceOrientationLandscapeRight";
				LD_RUNPATH_SEARCH_PATHS = (
					"$(inherited)",
					"@executable_path/Frameworks",
				);
				MARKETING_VERSION = 1.0;
				PRODUCT_BUNDLE_IDENTIFIER = None.TravelPlace;
				PRODUCT_NAME = "$(TARGET_NAME)";
				SWIFT_EMIT_LOC_STRINGS = YES;
				SWIFT_VERSION = 5.0;
				TARGETED_DEVICE_FAMILY = "1,2";
			};
			name = Release;
		};
/* End XCBuildConfiguration section */

/* Begin XCConfigurationList section */
		C8BFAD7E2CEF69B2009CE628 /* Build configuration list for PBXProject "TravelPlace" */ = {
			isa = XCConfigurationList;
			buildConfigurations = (
				C8BFAD912CEF69B3009CE628 /* Debug */,
				C8BFAD922CEF69B3009CE628 /* Release */,
			);
			defaultConfigurationIsVisible = 0;
			defaultConfigurationName = Release;
		};
		C8BFAD932CEF69B3009CE628 /* Build configuration list for PBXNativeTarget "TravelPlace" */ = {
			isa = XCConfigurationList;
			buildConfigurations = (
				C8BFAD942CEF69B3009CE628 /* Debug */,
				C8BFAD952CEF69B3009CE628 /* Release */,
			);
			defaultConfigurationIsVisible = 0;
			defaultConfigurationName = Release;
		};
/* End XCConfigurationList section */
	};
	rootObject = C8BFAD7B2CEF69B2009CE628 /* Project object */;
}
